
Microsoft Visual Studio Solution File, Format Version 12.00
# Visual Studio Version 16
VisualStudioVersion = 16.0.30114.105
MinimumVisualStudioVersion = 10.0.40219.1
Project("{2150E333-8FDC-42A3-9474-1A3956D46DE8}") = "src", "src", "{5A8CC574-EED4-49F8-B232-E55E0E8F3BE5}"
EndProject
Project("{FAE04EC0-301F-11D3-BF4B-00C04F79EFBC}") = "FantasySoccerManagement.Core", "src\FantasySoccerManagement.Core\FantasySoccerManagement.Core.csproj", "{9F797F50-8517-470B-BCEF-85721D740620}"
EndProject
Global
	GlobalSection(SolutionConfigurationPlatforms) = preSolution
		Debug|Any CPU = Debug|Any CPU
		Release|Any CPU = Release|Any CPU
	EndGlobalSection
	GlobalSection(SolutionProperties) = preSolution
		HideSolutionNode = FALSE
	EndGlobalSection
	GlobalSection(ProjectConfigurationPlatforms) = postSolution
		{9F797F50-8517-470B-BCEF-85721D740620}.Debug|Any CPU.ActiveCfg = Debug|Any CPU
		{9F797F50-8517-470B-BCEF-85721D740620}.Debug|Any CPU.Build.0 = Debug|Any CPU
		{9F797F50-8517-470B-BCEF-85721D740620}.Release|Any CPU.ActiveCfg = Release|Any CPU
		{9F797F50-8517-470B-BCEF-85721D740620}.Release|Any CPU.Build.0 = Release|Any CPU
	EndGlobalSection
	GlobalSection(NestedProjects) = preSolution
		{9F797F50-8517-470B-BCEF-85721D740620} = {5A8CC574-EED4-49F8-B232-E55E0E8F3BE5}
	EndGlobalSection
EndGlobal
